
Microsoft Visual Studio Solution File, Format Version 12.00
# Visual Studio Version 16
VisualStudioVersion = 16.0.808.4
MinimumVisualStudioVersion = 10.0.40219.1
Project("{FAE04EC0-301F-11D3-BF4B-00C04F79EFBC}") = "ASPNET_Project", "ASPNET_Project\ASPNET_Project.csproj", "{8AC41C94-4B33-4D56-980B-7523BDA11E3F}"
EndProject
Global
	GlobalSection(SolutionConfigurationPlatforms) = preSolution
		Debug|Any CPU = Debug|Any CPU
		Release|Any CPU = Release|Any CPU
	EndGlobalSection
	GlobalSection(ProjectConfigurationPlatforms) = postSolution
		{8AC41C94-4B33-4D56-980B-7523BDA11E3F}.Debug|Any CPU.ActiveCfg = Debug|Any CPU
		{8AC41C94-4B33-4D56-980B-7523BDA11E3F}.Debug|Any CPU.Build.0 = Debug|Any CPU
		{8AC41C94-4B33-4D56-980B-7523BDA11E3F}.Release|Any CPU.ActiveCfg = Release|Any CPU
		{8AC41C94-4B33-4D56-980B-7523BDA11E3F}.Release|Any CPU.Build.0 = Release|Any CPU
	EndGlobalSection
	GlobalSection(SolutionProperties) = preSolution
		HideSolutionNode = FALSE
	EndGlobalSection
	GlobalSection(ExtensibilityGlobals) = postSolution
		SolutionGuid = {CE094DA4-F366-4BCE-BBC2-5C9E3378A3B7}
	EndGlobalSection
EndGlobal
